// !$*UTF8*$!
{
	archiveVersion = 1;
	classes = {
	};
	objectVersion = 56;
	objects = {

/* Begin PBXBuildFile section */
		4BFB00A02A53C14500FD1480 /* AppDelegate.swift in Sources */ = {isa = PBXBuildFile; fileRef = 4BFB009F2A53C14500FD1480 /* AppDelegate.swift */; };
		4BFB00A22A53C14500FD1480 /* SceneDelegate.swift in Sources */ = {isa = PBXBuildFile; fileRef = 4BFB00A12A53C14500FD1480 /* SceneDelegate.swift */; };
		4BFB00A42A53C14500FD1480 /* ViewController.swift in Sources */ = {isa = PBXBuildFile; fileRef = 4BFB00A32A53C14500FD1480 /* ViewController.swift */; };
		4BFB00A92A53C14600FD1480 /* Assets.xcassets in Resources */ = {isa = PBXBuildFile; fileRef = 4BFB00A82A53C14600FD1480 /* Assets.xcassets */; };
		4BFB00AC2A53C14600FD1480 /* LaunchScreen.storyboard in Resources */ = {isa = PBXBuildFile; fileRef = 4BFB00AA2A53C14600FD1480 /* LaunchScreen.storyboard */; };
		4BFB00B52A53D21700FD1480 /* Moya in Frameworks */ = {isa = PBXBuildFile; productRef = 4BFB00B42A53D21700FD1480 /* Moya */; };
		4BFB00B82A53D22400FD1480 /* Then in Frameworks */ = {isa = PBXBuildFile; productRef = 4BFB00B72A53D22400FD1480 /* Then */; };
		4BFB00BB2A53D23300FD1480 /* SnapKit in Frameworks */ = {isa = PBXBuildFile; productRef = 4BFB00BA2A53D23300FD1480 /* SnapKit */; };
		4BFB00BF2A53E32E00FD1480 /* LoginViewController.swift in Sources */ = {isa = PBXBuildFile; fileRef = 4BFB00BE2A53E32E00FD1480 /* LoginViewController.swift */; };
		4BFB00C42A53E42700FD1480 /* DefaultTextField.swift in Sources */ = {isa = PBXBuildFile; fileRef = 4BFB00C32A53E42700FD1480 /* DefaultTextField.swift */; };
		4BFB00D32A53E5F200FD1480 /* Roboto-LightItalic.ttf in Resources */ = {isa = PBXBuildFile; fileRef = 4BFB00C72A53E5F200FD1480 /* Roboto-LightItalic.ttf */; };
		4BFB00D42A53E5F200FD1480 /* Roboto-Medium.ttf in Resources */ = {isa = PBXBuildFile; fileRef = 4BFB00C82A53E5F200FD1480 /* Roboto-Medium.ttf */; };
		4BFB00D52A53E5F200FD1480 /* Roboto-BlackItalic.ttf in Resources */ = {isa = PBXBuildFile; fileRef = 4BFB00C92A53E5F200FD1480 /* Roboto-BlackItalic.ttf */; };
		4BFB00D62A53E5F200FD1480 /* Roboto-MediumItalic.ttf in Resources */ = {isa = PBXBuildFile; fileRef = 4BFB00CA2A53E5F200FD1480 /* Roboto-MediumItalic.ttf */; };
		4BFB00D72A53E5F200FD1480 /* Roboto-Regular.ttf in Resources */ = {isa = PBXBuildFile; fileRef = 4BFB00CB2A53E5F200FD1480 /* Roboto-Regular.ttf */; };
		4BFB00D82A53E5F200FD1480 /* Roboto-Thin.ttf in Resources */ = {isa = PBXBuildFile; fileRef = 4BFB00CC2A53E5F200FD1480 /* Roboto-Thin.ttf */; };
		4BFB00D92A53E5F200FD1480 /* Roboto-ThinItalic.ttf in Resources */ = {isa = PBXBuildFile; fileRef = 4BFB00CD2A53E5F200FD1480 /* Roboto-ThinItalic.ttf */; };
		4BFB00DA2A53E5F200FD1480 /* Roboto-Bold.ttf in Resources */ = {isa = PBXBuildFile; fileRef = 4BFB00CE2A53E5F200FD1480 /* Roboto-Bold.ttf */; };
		4BFB00DB2A53E5F200FD1480 /* Roboto-Italic.ttf in Resources */ = {isa = PBXBuildFile; fileRef = 4BFB00CF2A53E5F200FD1480 /* Roboto-Italic.ttf */; };
		4BFB00DC2A53E5F200FD1480 /* Roboto-BoldItalic.ttf in Resources */ = {isa = PBXBuildFile; fileRef = 4BFB00D02A53E5F200FD1480 /* Roboto-BoldItalic.ttf */; };
		4BFB00DD2A53E5F200FD1480 /* Roboto-Light.ttf in Resources */ = {isa = PBXBuildFile; fileRef = 4BFB00D12A53E5F200FD1480 /* Roboto-Light.ttf */; };
		4BFB00DE2A53E5F200FD1480 /* Roboto-Black.ttf in Resources */ = {isa = PBXBuildFile; fileRef = 4BFB00D22A53E5F200FD1480 /* Roboto-Black.ttf */; };
		4BFB00E12A53F11500FD1480 /* SignUpViewController.swift in Sources */ = {isa = PBXBuildFile; fileRef = 4BFB00E02A53F11500FD1480 /* SignUpViewController.swift */; };
		4BFB00E52A53F59E00FD1480 /* AuthAPI.swift in Sources */ = {isa = PBXBuildFile; fileRef = 4BFB00E42A53F59E00FD1480 /* AuthAPI.swift */; };
		4BFB00EC2A53F76C00FD1480 /* Header.swift in Sources */ = {isa = PBXBuildFile; fileRef = 4BFB00EB2A53F76C00FD1480 /* Header.swift */; };
		4BFB00EF2A53F84700FD1480 /* SwiftKeychainWrapper in Frameworks */ = {isa = PBXBuildFile; productRef = 4BFB00EE2A53F84700FD1480 /* SwiftKeychainWrapper */; };
		4BFB00F22A5400DE00FD1480 /* AuthResponse.swift in Sources */ = {isa = PBXBuildFile; fileRef = 4BFB00F12A5400DE00FD1480 /* AuthResponse.swift */; };
		4BFB00F52A5409EB00FD1480 /* MoyaLoggerPlugin.swift in Sources */ = {isa = PBXBuildFile; fileRef = 4BFB00F42A5409EB00FD1480 /* MoyaLoggerPlugin.swift */; };
		4BFB00F82A540FE600FD1480 /* MainCouponViewController.swift in Sources */ = {isa = PBXBuildFile; fileRef = 4BFB00F72A540FE600FD1480 /* MainCouponViewController.swift */; };
/* End PBXBuildFile section */

/* Begin PBXFileReference section */
		4BFB009C2A53C14500FD1480 /* MB-iOS.app */ = {isa = PBXFileReference; explicitFileType = wrapper.application; includeInIndex = 0; path = "MB-iOS.app"; sourceTree = BUILT_PRODUCTS_DIR; };
		4BFB009F2A53C14500FD1480 /* AppDelegate.swift */ = {isa = PBXFileReference; lastKnownFileType = sourcecode.swift; path = AppDelegate.swift; sourceTree = "<group>"; };
		4BFB00A12A53C14500FD1480 /* SceneDelegate.swift */ = {isa = PBXFileReference; lastKnownFileType = sourcecode.swift; path = SceneDelegate.swift; sourceTree = "<group>"; };
		4BFB00A32A53C14500FD1480 /* ViewController.swift */ = {isa = PBXFileReference; lastKnownFileType = sourcecode.swift; path = ViewController.swift; sourceTree = "<group>"; };
		4BFB00A82A53C14600FD1480 /* Assets.xcassets */ = {isa = PBXFileReference; lastKnownFileType = folder.assetcatalog; path = Assets.xcassets; sourceTree = "<group>"; };
		4BFB00AB2A53C14600FD1480 /* Base */ = {isa = PBXFileReference; lastKnownFileType = file.storyboard; name = Base; path = Base.lproj/LaunchScreen.storyboard; sourceTree = "<group>"; };
		4BFB00AD2A53C14600FD1480 /* Info.plist */ = {isa = PBXFileReference; lastKnownFileType = text.plist.xml; path = Info.plist; sourceTree = "<group>"; };
		4BFB00BE2A53E32E00FD1480 /* LoginViewController.swift */ = {isa = PBXFileReference; lastKnownFileType = sourcecode.swift; path = LoginViewController.swift; sourceTree = "<group>"; };
		4BFB00C32A53E42700FD1480 /* DefaultTextField.swift */ = {isa = PBXFileReference; lastKnownFileType = sourcecode.swift; path = DefaultTextField.swift; sourceTree = "<group>"; };
		4BFB00C72A53E5F200FD1480 /* Roboto-LightItalic.ttf */ = {isa = PBXFileReference; lastKnownFileType = file; path = "Roboto-LightItalic.ttf"; sourceTree = "<group>"; };
		4BFB00C82A53E5F200FD1480 /* Roboto-Medium.ttf */ = {isa = PBXFileReference; lastKnownFileType = file; path = "Roboto-Medium.ttf"; sourceTree = "<group>"; };
		4BFB00C92A53E5F200FD1480 /* Roboto-BlackItalic.ttf */ = {isa = PBXFileReference; lastKnownFileType = file; path = "Roboto-BlackItalic.ttf"; sourceTree = "<group>"; };
		4BFB00CA2A53E5F200FD1480 /* Roboto-MediumItalic.ttf */ = {isa = PBXFileReference; lastKnownFileType = file; path = "Roboto-MediumItalic.ttf"; sourceTree = "<group>"; };
		4BFB00CB2A53E5F200FD1480 /* Roboto-Regular.ttf */ = {isa = PBXFileReference; lastKnownFileType = file; path = "Roboto-Regular.ttf"; sourceTree = "<group>"; };
		4BFB00CC2A53E5F200FD1480 /* Roboto-Thin.ttf */ = {isa = PBXFileReference; lastKnownFileType = file; path = "Roboto-Thin.ttf"; sourceTree = "<group>"; };
		4BFB00CD2A53E5F200FD1480 /* Roboto-ThinItalic.ttf */ = {isa = PBXFileReference; lastKnownFileType = file; path = "Roboto-ThinItalic.ttf"; sourceTree = "<group>"; };
		4BFB00CE2A53E5F200FD1480 /* Roboto-Bold.ttf */ = {isa = PBXFileReference; lastKnownFileType = file; path = "Roboto-Bold.ttf"; sourceTree = "<group>"; };
		4BFB00CF2A53E5F200FD1480 /* Roboto-Italic.ttf */ = {isa = PBXFileReference; lastKnownFileType = file; path = "Roboto-Italic.ttf"; sourceTree = "<group>"; };
		4BFB00D02A53E5F200FD1480 /* Roboto-BoldItalic.ttf */ = {isa = PBXFileReference; lastKnownFileType = file; path = "Roboto-BoldItalic.ttf"; sourceTree = "<group>"; };
		4BFB00D12A53E5F200FD1480 /* Roboto-Light.ttf */ = {isa = PBXFileReference; lastKnownFileType = file; path = "Roboto-Light.ttf"; sourceTree = "<group>"; };
		4BFB00D22A53E5F200FD1480 /* Roboto-Black.ttf */ = {isa = PBXFileReference; lastKnownFileType = file; path = "Roboto-Black.ttf"; sourceTree = "<group>"; };
		4BFB00E02A53F11500FD1480 /* SignUpViewController.swift */ = {isa = PBXFileReference; lastKnownFileType = sourcecode.swift; path = SignUpViewController.swift; sourceTree = "<group>"; };
		4BFB00E42A53F59E00FD1480 /* AuthAPI.swift */ = {isa = PBXFileReference; lastKnownFileType = sourcecode.swift; path = AuthAPI.swift; sourceTree = "<group>"; };
		4BFB00EB2A53F76C00FD1480 /* Header.swift */ = {isa = PBXFileReference; lastKnownFileType = sourcecode.swift; path = Header.swift; sourceTree = "<group>"; };
		4BFB00F12A5400DE00FD1480 /* AuthResponse.swift */ = {isa = PBXFileReference; lastKnownFileType = sourcecode.swift; path = AuthResponse.swift; sourceTree = "<group>"; };
		4BFB00F42A5409EB00FD1480 /* MoyaLoggerPlugin.swift */ = {isa = PBXFileReference; lastKnownFileType = sourcecode.swift; path = MoyaLoggerPlugin.swift; sourceTree = "<group>"; };
		4BFB00F72A540FE600FD1480 /* MainCouponViewController.swift */ = {isa = PBXFileReference; lastKnownFileType = sourcecode.swift; path = MainCouponViewController.swift; sourceTree = "<group>"; };
/* End PBXFileReference section */

/* Begin PBXFrameworksBuildPhase section */
		4BFB00992A53C14500FD1480 /* Frameworks */ = {
			isa = PBXFrameworksBuildPhase;
			buildActionMask = 2147483647;
			files = (
				4BFB00BB2A53D23300FD1480 /* SnapKit in Frameworks */,
				4BFB00B52A53D21700FD1480 /* Moya in Frameworks */,
				4BFB00EF2A53F84700FD1480 /* SwiftKeychainWrapper in Frameworks */,
				4BFB00B82A53D22400FD1480 /* Then in Frameworks */,
			);
			runOnlyForDeploymentPostprocessing = 0;
		};
/* End PBXFrameworksBuildPhase section */

/* Begin PBXGroup section */
		4BFB00932A53C14500FD1480 = {
			isa = PBXGroup;
			children = (
				4BFB009E2A53C14500FD1480 /* MB-iOS */,
				4BFB009D2A53C14500FD1480 /* Products */,
			);
			sourceTree = "<group>";
		};
		4BFB009D2A53C14500FD1480 /* Products */ = {
			isa = PBXGroup;
			children = (
				4BFB009C2A53C14500FD1480 /* MB-iOS.app */,
			);
			name = Products;
			sourceTree = "<group>";
		};
		4BFB009E2A53C14500FD1480 /* MB-iOS */ = {
			isa = PBXGroup;
			children = (
				4BFB00BC2A53E11000FD1480 /* Service */,
				4BFB00C52A53E5D200FD1480 /* Resource */,
				4BFB00C12A53E37C00FD1480 /* Component */,
				4BFB00BD2A53E12100FD1480 /* Scene */,
				4BFB009F2A53C14500FD1480 /* AppDelegate.swift */,
				4BFB00A12A53C14500FD1480 /* SceneDelegate.swift */,
				4BFB00A32A53C14500FD1480 /* ViewController.swift */,
				4BFB00A82A53C14600FD1480 /* Assets.xcassets */,
				4BFB00AA2A53C14600FD1480 /* LaunchScreen.storyboard */,
				4BFB00AD2A53C14600FD1480 /* Info.plist */,
			);
			path = "MB-iOS";
			sourceTree = "<group>";
		};
		4BFB00BC2A53E11000FD1480 /* Service */ = {
			isa = PBXGroup;
			children = (
				4BFB00F32A5409A000FD1480 /* Plugin */,
				4BFB00EA2A53F73700FD1480 /* Header */,
				4BFB00E22A53F58B00FD1480 /* Auth */,
			);
			path = Service;
			sourceTree = "<group>";
		};
		4BFB00BD2A53E12100FD1480 /* Scene */ = {
			isa = PBXGroup;
			children = (
				4BFB00F62A540FB900FD1480 /* Main */,
				4BFB00DF2A53F10700FD1480 /* SignUp */,
				4BFB00C02A53E36F00FD1480 /* Login */,
			);
			path = Scene;
			sourceTree = "<group>";
		};
		4BFB00C02A53E36F00FD1480 /* Login */ = {
			isa = PBXGroup;
			children = (
				4BFB00BE2A53E32E00FD1480 /* LoginViewController.swift */,
			);
			path = Login;
			sourceTree = "<group>";
		};
		4BFB00C12A53E37C00FD1480 /* Component */ = {
			isa = PBXGroup;
			children = (
				4BFB00C32A53E42700FD1480 /* DefaultTextField.swift */,
			);
			path = Component;
			sourceTree = "<group>";
		};
		4BFB00C52A53E5D200FD1480 /* Resource */ = {
			isa = PBXGroup;
			children = (
				4BFB00C62A53E5DB00FD1480 /* Font */,
			);
			path = Resource;
			sourceTree = "<group>";
		};
		4BFB00C62A53E5DB00FD1480 /* Font */ = {
			isa = PBXGroup;
			children = (
				4BFB00D22A53E5F200FD1480 /* Roboto-Black.ttf */,
				4BFB00C92A53E5F200FD1480 /* Roboto-BlackItalic.ttf */,
				4BFB00CE2A53E5F200FD1480 /* Roboto-Bold.ttf */,
				4BFB00D02A53E5F200FD1480 /* Roboto-BoldItalic.ttf */,
				4BFB00CF2A53E5F200FD1480 /* Roboto-Italic.ttf */,
				4BFB00D12A53E5F200FD1480 /* Roboto-Light.ttf */,
				4BFB00C72A53E5F200FD1480 /* Roboto-LightItalic.ttf */,
				4BFB00C82A53E5F200FD1480 /* Roboto-Medium.ttf */,
				4BFB00CA2A53E5F200FD1480 /* Roboto-MediumItalic.ttf */,
				4BFB00CB2A53E5F200FD1480 /* Roboto-Regular.ttf */,
				4BFB00CC2A53E5F200FD1480 /* Roboto-Thin.ttf */,
				4BFB00CD2A53E5F200FD1480 /* Roboto-ThinItalic.ttf */,
			);
			path = Font;
			sourceTree = "<group>";
		};
		4BFB00DF2A53F10700FD1480 /* SignUp */ = {
			isa = PBXGroup;
			children = (
				4BFB00E02A53F11500FD1480 /* SignUpViewController.swift */,
			);
			path = SignUp;
			sourceTree = "<group>";
		};
		4BFB00E22A53F58B00FD1480 /* Auth */ = {
			isa = PBXGroup;
			children = (
				4BFB00E32A53F59300FD1480 /* API */,
				4BFB00F02A53FF7000FD1480 /* Response */,
			);
			path = Auth;
			sourceTree = "<group>";
		};
		4BFB00E32A53F59300FD1480 /* API */ = {
			isa = PBXGroup;
			children = (
				4BFB00E42A53F59E00FD1480 /* AuthAPI.swift */,
			);
			path = API;
			sourceTree = "<group>";
		};
		4BFB00EA2A53F73700FD1480 /* Header */ = {
			isa = PBXGroup;
			children = (
				4BFB00EB2A53F76C00FD1480 /* Header.swift */,
			);
			path = Header;
			sourceTree = "<group>";
		};
		4BFB00F02A53FF7000FD1480 /* Response */ = {
			isa = PBXGroup;
			children = (
				4BFB00F12A5400DE00FD1480 /* AuthResponse.swift */,
			);
			path = Response;
			sourceTree = "<group>";
		};
		4BFB00F32A5409A000FD1480 /* Plugin */ = {
			isa = PBXGroup;
			children = (
				4BFB00F42A5409EB00FD1480 /* MoyaLoggerPlugin.swift */,
			);
			path = Plugin;
			sourceTree = "<group>";
		};
		4BFB00F62A540FB900FD1480 /* Main */ = {
			isa = PBXGroup;
			children = (
				4BFB00F72A540FE600FD1480 /* MainCouponViewController.swift */,
			);
			path = Main;
			sourceTree = "<group>";
		};
/* End PBXGroup section */

/* Begin PBXNativeTarget section */
		4BFB009B2A53C14500FD1480 /* MB-iOS */ = {
			isa = PBXNativeTarget;
			buildConfigurationList = 4BFB00B02A53C14600FD1480 /* Build configuration list for PBXNativeTarget "MB-iOS" */;
			buildPhases = (
				4BFB00982A53C14500FD1480 /* Sources */,
				4BFB00992A53C14500FD1480 /* Frameworks */,
				4BFB009A2A53C14500FD1480 /* Resources */,
			);
			buildRules = (
			);
			dependencies = (
			);
			name = "MB-iOS";
			packageProductDependencies = (
				4BFB00B42A53D21700FD1480 /* Moya */,
				4BFB00B72A53D22400FD1480 /* Then */,
				4BFB00BA2A53D23300FD1480 /* SnapKit */,
				4BFB00EE2A53F84700FD1480 /* SwiftKeychainWrapper */,
			);
			productName = "MB-iOS";
			productReference = 4BFB009C2A53C14500FD1480 /* MB-iOS.app */;
			productType = "com.apple.product-type.application";
		};
/* End PBXNativeTarget section */

/* Begin PBXProject section */
		4BFB00942A53C14500FD1480 /* Project object */ = {
			isa = PBXProject;
			attributes = {
				BuildIndependentTargetsInParallel = 1;
				LastSwiftUpdateCheck = 1430;
				LastUpgradeCheck = 1430;
				TargetAttributes = {
					4BFB009B2A53C14500FD1480 = {
						CreatedOnToolsVersion = 14.3;
					};
				};
			};
			buildConfigurationList = 4BFB00972A53C14500FD1480 /* Build configuration list for PBXProject "MB-iOS" */;
			compatibilityVersion = "Xcode 14.0";
			developmentRegion = en;
			hasScannedForEncodings = 0;
			knownRegions = (
				en,
				Base,
			);
			mainGroup = 4BFB00932A53C14500FD1480;
			packageReferences = (
				4BFB00B32A53D21700FD1480 /* XCRemoteSwiftPackageReference "Moya" */,
				4BFB00B62A53D22300FD1480 /* XCRemoteSwiftPackageReference "Then" */,
				4BFB00B92A53D23300FD1480 /* XCRemoteSwiftPackageReference "SnapKit" */,
				4BFB00ED2A53F84700FD1480 /* XCRemoteSwiftPackageReference "SwiftKeychainWrapper" */,
			);
			productRefGroup = 4BFB009D2A53C14500FD1480 /* Products */;
			projectDirPath = "";
			projectRoot = "";
			targets = (
				4BFB009B2A53C14500FD1480 /* MB-iOS */,
			);
		};
/* End PBXProject section */

/* Begin PBXResourcesBuildPhase section */
		4BFB009A2A53C14500FD1480 /* Resources */ = {
			isa = PBXResourcesBuildPhase;
			buildActionMask = 2147483647;
			files = (
				4BFB00D82A53E5F200FD1480 /* Roboto-Thin.ttf in Resources */,
				4BFB00D42A53E5F200FD1480 /* Roboto-Medium.ttf in Resources */,
				4BFB00DA2A53E5F200FD1480 /* Roboto-Bold.ttf in Resources */,
				4BFB00D72A53E5F200FD1480 /* Roboto-Regular.ttf in Resources */,
				4BFB00AC2A53C14600FD1480 /* LaunchScreen.storyboard in Resources */,
				4BFB00D52A53E5F200FD1480 /* Roboto-BlackItalic.ttf in Resources */,
				4BFB00DC2A53E5F200FD1480 /* Roboto-BoldItalic.ttf in Resources */,
				4BFB00A92A53C14600FD1480 /* Assets.xcassets in Resources */,
				4BFB00D92A53E5F200FD1480 /* Roboto-ThinItalic.ttf in Resources */,
				4BFB00DD2A53E5F200FD1480 /* Roboto-Light.ttf in Resources */,
				4BFB00D62A53E5F200FD1480 /* Roboto-MediumItalic.ttf in Resources */,
				4BFB00DE2A53E5F200FD1480 /* Roboto-Black.ttf in Resources */,
				4BFB00DB2A53E5F200FD1480 /* Roboto-Italic.ttf in Resources */,
				4BFB00D32A53E5F200FD1480 /* Roboto-LightItalic.ttf in Resources */,
			);
			runOnlyForDeploymentPostprocessing = 0;
		};
/* End PBXResourcesBuildPhase section */

/* Begin PBXSourcesBuildPhase section */
		4BFB00982A53C14500FD1480 /* Sources */ = {
			isa = PBXSourcesBuildPhase;
			buildActionMask = 2147483647;
			files = (
				4BFB00EC2A53F76C00FD1480 /* Header.swift in Sources */,
				4BFB00E12A53F11500FD1480 /* SignUpViewController.swift in Sources */,
				4BFB00F52A5409EB00FD1480 /* MoyaLoggerPlugin.swift in Sources */,
				4BFB00F82A540FE600FD1480 /* MainCouponViewController.swift in Sources */,
				4BFB00BF2A53E32E00FD1480 /* LoginViewController.swift in Sources */,
				4BFB00A42A53C14500FD1480 /* ViewController.swift in Sources */,
				4BFB00F22A5400DE00FD1480 /* AuthResponse.swift in Sources */,
				4BFB00A02A53C14500FD1480 /* AppDelegate.swift in Sources */,
				4BFB00C42A53E42700FD1480 /* DefaultTextField.swift in Sources */,
				4BFB00A22A53C14500FD1480 /* SceneDelegate.swift in Sources */,
				4BFB00E52A53F59E00FD1480 /* AuthAPI.swift in Sources */,
			);
			runOnlyForDeploymentPostprocessing = 0;
		};
/* End PBXSourcesBuildPhase section */

/* Begin PBXVariantGroup section */
		4BFB00AA2A53C14600FD1480 /* LaunchScreen.storyboard */ = {
			isa = PBXVariantGroup;
			children = (
				4BFB00AB2A53C14600FD1480 /* Base */,
			);
			name = LaunchScreen.storyboard;
			sourceTree = "<group>";
		};
/* End PBXVariantGroup section */

/* Begin XCBuildConfiguration section */
		4BFB00AE2A53C14600FD1480 /* Debug */ = {
			isa = XCBuildConfiguration;
			buildSettings = {
				ALWAYS_SEARCH_USER_PATHS = NO;
				CLANG_ANALYZER_NONNULL = YES;
				CLANG_ANALYZER_NUMBER_OBJECT_CONVERSION = YES_AGGRESSIVE;
				CLANG_CXX_LANGUAGE_STANDARD = "gnu++20";
				CLANG_ENABLE_MODULES = YES;
				CLANG_ENABLE_OBJC_ARC = YES;
				CLANG_ENABLE_OBJC_WEAK = YES;
				CLANG_WARN_BLOCK_CAPTURE_AUTORELEASING = YES;
				CLANG_WARN_BOOL_CONVERSION = YES;
				CLANG_WARN_COMMA = YES;
				CLANG_WARN_CONSTANT_CONVERSION = YES;
				CLANG_WARN_DEPRECATED_OBJC_IMPLEMENTATIONS = YES;
				CLANG_WARN_DIRECT_OBJC_ISA_USAGE = YES_ERROR;
				CLANG_WARN_DOCUMENTATION_COMMENTS = YES;
				CLANG_WARN_EMPTY_BODY = YES;
				CLANG_WARN_ENUM_CONVERSION = YES;
				CLANG_WARN_INFINITE_RECURSION = YES;
				CLANG_WARN_INT_CONVERSION = YES;
				CLANG_WARN_NON_LITERAL_NULL_CONVERSION = YES;
				CLANG_WARN_OBJC_IMPLICIT_RETAIN_SELF = YES;
				CLANG_WARN_OBJC_LITERAL_CONVERSION = YES;
				CLANG_WARN_OBJC_ROOT_CLASS = YES_ERROR;
				CLANG_WARN_QUOTED_INCLUDE_IN_FRAMEWORK_HEADER = YES;
				CLANG_WARN_RANGE_LOOP_ANALYSIS = YES;
				CLANG_WARN_STRICT_PROTOTYPES = YES;
				CLANG_WARN_SUSPICIOUS_MOVE = YES;
				CLANG_WARN_UNGUARDED_AVAILABILITY = YES_AGGRESSIVE;
				CLANG_WARN_UNREACHABLE_CODE = YES;
				CLANG_WARN__DUPLICATE_METHOD_MATCH = YES;
				COPY_PHASE_STRIP = NO;
				DEBUG_INFORMATION_FORMAT = dwarf;
				ENABLE_STRICT_OBJC_MSGSEND = YES;
				ENABLE_TESTABILITY = YES;
				GCC_C_LANGUAGE_STANDARD = gnu11;
				GCC_DYNAMIC_NO_PIC = NO;
				GCC_NO_COMMON_BLOCKS = YES;
				GCC_OPTIMIZATION_LEVEL = 0;
				GCC_PREPROCESSOR_DEFINITIONS = (
					"DEBUG=1",
					"$(inherited)",
				);
				GCC_WARN_64_TO_32_BIT_CONVERSION = YES;
				GCC_WARN_ABOUT_RETURN_TYPE = YES_ERROR;
				GCC_WARN_UNDECLARED_SELECTOR = YES;
				GCC_WARN_UNINITIALIZED_AUTOS = YES_AGGRESSIVE;
				GCC_WARN_UNUSED_FUNCTION = YES;
				GCC_WARN_UNUSED_VARIABLE = YES;
				IPHONEOS_DEPLOYMENT_TARGET = 16.4;
				MTL_ENABLE_DEBUG_INFO = INCLUDE_SOURCE;
				MTL_FAST_MATH = YES;
				ONLY_ACTIVE_ARCH = YES;
				SDKROOT = iphoneos;
				SWIFT_ACTIVE_COMPILATION_CONDITIONS = DEBUG;
				SWIFT_OPTIMIZATION_LEVEL = "-Onone";
			};
			name = Debug;
		};
		4BFB00AF2A53C14600FD1480 /* Release */ = {
			isa = XCBuildConfiguration;
			buildSettings = {
				ALWAYS_SEARCH_USER_PATHS = NO;
				CLANG_ANALYZER_NONNULL = YES;
				CLANG_ANALYZER_NUMBER_OBJECT_CONVERSION = YES_AGGRESSIVE;
				CLANG_CXX_LANGUAGE_STANDARD = "gnu++20";
				CLANG_ENABLE_MODULES = YES;
				CLANG_ENABLE_OBJC_ARC = YES;
				CLANG_ENABLE_OBJC_WEAK = YES;
				CLANG_WARN_BLOCK_CAPTURE_AUTORELEASING = YES;
				CLANG_WARN_BOOL_CONVERSION = YES;
				CLANG_WARN_COMMA = YES;
				CLANG_WARN_CONSTANT_CONVERSION = YES;
				CLANG_WARN_DEPRECATED_OBJC_IMPLEMENTATIONS = YES;
				CLANG_WARN_DIRECT_OBJC_ISA_USAGE = YES_ERROR;
				CLANG_WARN_DOCUMENTATION_COMMENTS = YES;
				CLANG_WARN_EMPTY_BODY = YES;
				CLANG_WARN_ENUM_CONVERSION = YES;
				CLANG_WARN_INFINITE_RECURSION = YES;
				CLANG_WARN_INT_CONVERSION = YES;
				CLANG_WARN_NON_LITERAL_NULL_CONVERSION = YES;
				CLANG_WARN_OBJC_IMPLICIT_RETAIN_SELF = YES;
				CLANG_WARN_OBJC_LITERAL_CONVERSION = YES;
				CLANG_WARN_OBJC_ROOT_CLASS = YES_ERROR;
				CLANG_WARN_QUOTED_INCLUDE_IN_FRAMEWORK_HEADER = YES;
				CLANG_WARN_RANGE_LOOP_ANALYSIS = YES;
				CLANG_WARN_STRICT_PROTOTYPES = YES;
				CLANG_WARN_SUSPICIOUS_MOVE = YES;
				CLANG_WARN_UNGUARDED_AVAILABILITY = YES_AGGRESSIVE;
				CLANG_WARN_UNREACHABLE_CODE = YES;
				CLANG_WARN__DUPLICATE_METHOD_MATCH = YES;
				COPY_PHASE_STRIP = NO;
				DEBUG_INFORMATION_FORMAT = "dwarf-with-dsym";
				ENABLE_NS_ASSERTIONS = NO;
				ENABLE_STRICT_OBJC_MSGSEND = YES;
				GCC_C_LANGUAGE_STANDARD = gnu11;
				GCC_NO_COMMON_BLOCKS = YES;
				GCC_WARN_64_TO_32_BIT_CONVERSION = YES;
				GCC_WARN_ABOUT_RETURN_TYPE = YES_ERROR;
				GCC_WARN_UNDECLARED_SELECTOR = YES;
				GCC_WARN_UNINITIALIZED_AUTOS = YES_AGGRESSIVE;
				GCC_WARN_UNUSED_FUNCTION = YES;
				GCC_WARN_UNUSED_VARIABLE = YES;
				IPHONEOS_DEPLOYMENT_TARGET = 16.4;
				MTL_ENABLE_DEBUG_INFO = NO;
				MTL_FAST_MATH = YES;
				SDKROOT = iphoneos;
				SWIFT_COMPILATION_MODE = wholemodule;
				SWIFT_OPTIMIZATION_LEVEL = "-O";
				VALIDATE_PRODUCT = YES;
			};
			name = Release;
		};
		4BFB00B12A53C14600FD1480 /* Debug */ = {
			isa = XCBuildConfiguration;
			buildSettings = {
				ASSETCATALOG_COMPILER_APPICON_NAME = AppIcon;
				ASSETCATALOG_COMPILER_GLOBAL_ACCENT_COLOR_NAME = AccentColor;
				CODE_SIGN_STYLE = Automatic;
				CURRENT_PROJECT_VERSION = 1;
				DEVELOPMENT_TEAM = 629Q9H7922;
				GENERATE_INFOPLIST_FILE = YES;
				INFOPLIST_FILE = "MB-iOS/Info.plist";
				INFOPLIST_KEY_UIApplicationSupportsIndirectInputEvents = YES;
				INFOPLIST_KEY_UILaunchStoryboardName = LaunchScreen;
				INFOPLIST_KEY_UIMainStoryboardFile = "";
				INFOPLIST_KEY_UISupportedInterfaceOrientations_iPad = "UIInterfaceOrientationPortrait UIInterfaceOrientationPortraitUpsideDown UIInterfaceOrientationLandscapeLeft UIInterfaceOrientationLandscapeRight";
				INFOPLIST_KEY_UISupportedInterfaceOrientations_iPhone = "UIInterfaceOrientationPortrait UIInterfaceOrientationLandscapeLeft UIInterfaceOrientationLandscapeRight";
				LD_RUNPATH_SEARCH_PATHS = (
					"$(inherited)",
					"@executable_path/Frameworks",
				);
				MARKETING_VERSION = 1.0;
				PRODUCT_BUNDLE_IDENTIFIER = "comMB.MB-iOS";
				PRODUCT_NAME = "$(TARGET_NAME)";
				SWIFT_EMIT_LOC_STRINGS = YES;
				SWIFT_VERSION = 5.0;
				TARGETED_DEVICE_FAMILY = "1,2";
			};
			name = Debug;
		};
		4BFB00B22A53C14600FD1480 /* Release */ = {
			isa = XCBuildConfiguration;
			buildSettings = {
				ASSETCATALOG_COMPILER_APPICON_NAME = AppIcon;
				ASSETCATALOG_COMPILER_GLOBAL_ACCENT_COLOR_NAME = AccentColor;
				CODE_SIGN_STYLE = Automatic;
				CURRENT_PROJECT_VERSION = 1;
				DEVELOPMENT_TEAM = 629Q9H7922;
				GENERATE_INFOPLIST_FILE = YES;
				INFOPLIST_FILE = "MB-iOS/Info.plist";
				INFOPLIST_KEY_UIApplicationSupportsIndirectInputEvents = YES;
				INFOPLIST_KEY_UILaunchStoryboardName = LaunchScreen;
				INFOPLIST_KEY_UIMainStoryboardFile = "";
				INFOPLIST_KEY_UISupportedInterfaceOrientations_iPad = "UIInterfaceOrientationPortrait UIInterfaceOrientationPortraitUpsideDown UIInterfaceOrientationLandscapeLeft UIInterfaceOrientationLandscapeRight";
				INFOPLIST_KEY_UISupportedInterfaceOrientations_iPhone = "UIInterfaceOrientationPortrait UIInterfaceOrientationLandscapeLeft UIInterfaceOrientationLandscapeRight";
				LD_RUNPATH_SEARCH_PATHS = (
					"$(inherited)",
					"@executable_path/Frameworks",
				);
				MARKETING_VERSION = 1.0;
				PRODUCT_BUNDLE_IDENTIFIER = "comMB.MB-iOS";
				PRODUCT_NAME = "$(TARGET_NAME)";
				SWIFT_EMIT_LOC_STRINGS = YES;
				SWIFT_VERSION = 5.0;
				TARGETED_DEVICE_FAMILY = "1,2";
			};
			name = Release;
		};
/* End XCBuildConfiguration section */

/* Begin XCConfigurationList section */
		4BFB00972A53C14500FD1480 /* Build configuration list for PBXProject "MB-iOS" */ = {
			isa = XCConfigurationList;
			buildConfigurations = (
				4BFB00AE2A53C14600FD1480 /* Debug */,
				4BFB00AF2A53C14600FD1480 /* Release */,
			);
			defaultConfigurationIsVisible = 0;
			defaultConfigurationName = Release;
		};
		4BFB00B02A53C14600FD1480 /* Build configuration list for PBXNativeTarget "MB-iOS" */ = {
			isa = XCConfigurationList;
			buildConfigurations = (
				4BFB00B12A53C14600FD1480 /* Debug */,
				4BFB00B22A53C14600FD1480 /* Release */,
			);
			defaultConfigurationIsVisible = 0;
			defaultConfigurationName = Release;
		};
/* End XCConfigurationList section */

/* Begin XCRemoteSwiftPackageReference section */
		4BFB00B32A53D21700FD1480 /* XCRemoteSwiftPackageReference "Moya" */ = {
			isa = XCRemoteSwiftPackageReference;
			repositoryURL = "https://github.com/Moya/Moya";
			requirement = {
				kind = upToNextMajorVersion;
				minimumVersion = 15.0.0;
			};
		};
		4BFB00B62A53D22300FD1480 /* XCRemoteSwiftPackageReference "Then" */ = {
			isa = XCRemoteSwiftPackageReference;
			repositoryURL = "https://github.com/devxoul/Then";
			requirement = {
				kind = upToNextMajorVersion;
				minimumVersion = 3.0.0;
			};
		};
		4BFB00B92A53D23300FD1480 /* XCRemoteSwiftPackageReference "SnapKit" */ = {
			isa = XCRemoteSwiftPackageReference;
			repositoryURL = "https://github.com/SnapKit/SnapKit";
			requirement = {
				kind = upToNextMajorVersion;
				minimumVersion = 5.0.0;
			};
		};
		4BFB00ED2A53F84700FD1480 /* XCRemoteSwiftPackageReference "SwiftKeychainWrapper" */ = {
			isa = XCRemoteSwiftPackageReference;
			repositoryURL = "https://github.com/jrendel/SwiftKeychainWrapper";
			requirement = {
				kind = upToNextMajorVersion;
				minimumVersion = 4.0.0;
			};
		};
/* End XCRemoteSwiftPackageReference section */

/* Begin XCSwiftPackageProductDependency section */
		4BFB00B42A53D21700FD1480 /* Moya */ = {
			isa = XCSwiftPackageProductDependency;
			package = 4BFB00B32A53D21700FD1480 /* XCRemoteSwiftPackageReference "Moya" */;
			productName = Moya;
		};
		4BFB00B72A53D22400FD1480 /* Then */ = {
			isa = XCSwiftPackageProductDependency;
			package = 4BFB00B62A53D22300FD1480 /* XCRemoteSwiftPackageReference "Then" */;
			productName = Then;
		};
		4BFB00BA2A53D23300FD1480 /* SnapKit */ = {
			isa = XCSwiftPackageProductDependency;
			package = 4BFB00B92A53D23300FD1480 /* XCRemoteSwiftPackageReference "SnapKit" */;
			productName = SnapKit;
		};
		4BFB00EE2A53F84700FD1480 /* SwiftKeychainWrapper */ = {
			isa = XCSwiftPackageProductDependency;
			package = 4BFB00ED2A53F84700FD1480 /* XCRemoteSwiftPackageReference "SwiftKeychainWrapper" */;
			productName = SwiftKeychainWrapper;
		};
/* End XCSwiftPackageProductDependency section */
	};
	rootObject = 4BFB00942A53C14500FD1480 /* Project object */;
}
